
Microsoft Visual Studio Solution File, Format Version 12.00
# Visual Studio Version 17
VisualStudioVersion = 17.14.36804.6
MinimumVisualStudioVersion = 10.0.40219.1
Project("{FAE04EC0-301F-11D3-BF4B-00C04F79EFBC}") = "HotelBooking.Contracts", "src\shared\Contracts\HotelBooking.Contracts\HotelBooking.Contracts.csproj", "{5FFA5EC3-9BDD-4253-BF35-11D6C4AD654F}"
EndProject
Project("{FAE04EC0-301F-11D3-BF4B-00C04F79EFBC}") = "HotelBooking.HotelService", "src\services\HotelService\HotelBooking.HotelService\HotelBooking.HotelService.csproj", "{07A66A44-69AB-4FA1-BE22-9276E4A91C2D}"
EndProject
Project("{FAE04EC0-301F-11D3-BF4B-00C04F79EFBC}") = "HotelBooking.NotificationService", "src\services\NotificationService\HotelBooking.NotificationService\HotelBooking.NotificationService.csproj", "{D8F96E4C-FE50-4758-87FE-D5E271A5D002}"
EndProject
Project("{FAE04EC0-301F-11D3-BF4B-00C04F79EFBC}") = "HotelBooking.Gateway", "src\gateway\HotelGateway\HotelBooking.Gateway\HotelBooking.Gateway.csproj", "{F030C8D4-7A3C-450F-A1B2-8F303F028355}"
EndProject
Project("{2150E333-8FDC-42A3-9474-1A3956D46DE8}") = "Solution Items", "Solution Items", "{8EC462FD-D22E-90A8-E5CE-7E832BA40C5D}"
	ProjectSection(SolutionItems) = preProject
		GatewayTests.http = GatewayTests.http
	EndProjectSection
EndProject
Project("{FAE04EC0-301F-11D3-BF4B-00C04F79EFBC}") = "HotelBooking.Persistence", "src\shared\Persistence\HotelBooking.Persistence\HotelBooking.Persistence.csproj", "{9E4C01DB-460A-48B0-B650-DD405015D755}"
EndProject
Project("{FAE04EC0-301F-11D3-BF4B-00C04F79EFBC}") = "HotelBooking.ML.Train", "ml\train\HotelBooking.ML.Train\HotelBooking.ML.Train.csproj", "{D3BA416B-D163-45E1-B0B0-0CB9F2093C3C}"
EndProject
Global
	GlobalSection(SolutionConfigurationPlatforms) = preSolution
		Debug|Any CPU = Debug|Any CPU
		Release|Any CPU = Release|Any CPU
	EndGlobalSection
	GlobalSection(ProjectConfigurationPlatforms) = postSolution
		{5FFA5EC3-9BDD-4253-BF35-11D6C4AD654F}.Debug|Any CPU.ActiveCfg = Debug|Any CPU
		{5FFA5EC3-9BDD-4253-BF35-11D6C4AD654F}.Debug|Any CPU.Build.0 = Debug|Any CPU
		{5FFA5EC3-9BDD-4253-BF35-11D6C4AD654F}.Release|Any CPU.ActiveCfg = Release|Any CPU
		{5FFA5EC3-9BDD-4253-BF35-11D6C4AD654F}.Release|Any CPU.Build.0 = Release|Any CPU
		{07A66A44-69AB-4FA1-BE22-9276E4A91C2D}.Debug|Any CPU.ActiveCfg = Debug|Any CPU
		{07A66A44-69AB-4FA1-BE22-9276E4A91C2D}.Debug|Any CPU.Build.0 = Debug|Any CPU
		{07A66A44-69AB-4FA1-BE22-9276E4A91C2D}.Release|Any CPU.ActiveCfg = Release|Any CPU
		{07A66A44-69AB-4FA1-BE22-9276E4A91C2D}.Release|Any CPU.Build.0 = Release|Any CPU
		{D8F96E4C-FE50-4758-87FE-D5E271A5D002}.Debug|Any CPU.ActiveCfg = Debug|Any CPU
		{D8F96E4C-FE50-4758-87FE-D5E271A5D002}.Debug|Any CPU.Build.0 = Debug|Any CPU
		{D8F96E4C-FE50-4758-87FE-D5E271A5D002}.Release|Any CPU.ActiveCfg = Release|Any CPU
		{D8F96E4C-FE50-4758-87FE-D5E271A5D002}.Release|Any CPU.Build.0 = Release|Any CPU
		{F030C8D4-7A3C-450F-A1B2-8F303F028355}.Debug|Any CPU.ActiveCfg = Debug|Any CPU
		{F030C8D4-7A3C-450F-A1B2-8F303F028355}.Debug|Any CPU.Build.0 = Debug|Any CPU
		{F030C8D4-7A3C-450F-A1B2-8F303F028355}.Release|Any CPU.ActiveCfg = Release|Any CPU
		{F030C8D4-7A3C-450F-A1B2-8F303F028355}.Release|Any CPU.Build.0 = Release|Any CPU
		{9E4C01DB-460A-48B0-B650-DD405015D755}.Debug|Any CPU.ActiveCfg = Debug|Any CPU
		{9E4C01DB-460A-48B0-B650-DD405015D755}.Debug|Any CPU.Build.0 = Debug|Any CPU
		{9E4C01DB-460A-48B0-B650-DD405015D755}.Release|Any CPU.ActiveCfg = Release|Any CPU
		{9E4C01DB-460A-48B0-B650-DD405015D755}.Release|Any CPU.Build.0 = Release|Any CPU
		{D3BA416B-D163-45E1-B0B0-0CB9F2093C3C}.Debug|Any CPU.ActiveCfg = Debug|Any CPU
		{D3BA416B-D163-45E1-B0B0-0CB9F2093C3C}.Debug|Any CPU.Build.0 = Debug|Any CPU
		{D3BA416B-D163-45E1-B0B0-0CB9F2093C3C}.Release|Any CPU.ActiveCfg = Release|Any CPU
		{D3BA416B-D163-45E1-B0B0-0CB9F2093C3C}.Release|Any CPU.Build.0 = Release|Any CPU
	EndGlobalSection
	GlobalSection(SolutionProperties) = preSolution
		HideSolutionNode = FALSE
	EndGlobalSection
	GlobalSection(ExtensibilityGlobals) = postSolution
		SolutionGuid = {7E4D5B6B-747D-4693-A98E-26D340563463}
	EndGlobalSection
EndGlobal
